
Microsoft Visual Studio Solution File, Format Version 12.00
# Visual Studio 15
VisualStudioVersion = 15.0.28307.1738
MinimumVisualStudioVersion = 10.0.40219.1
Project("{FAE04EC0-301F-11D3-BF4B-00C04F79EFBC}") = "ObtemSqLiteService", "ObtemSqLiteService\ObtemSqLiteService.csproj", "{4C2A52EF-D456-4AC7-AB86-618586E2890D}"
EndProject
Global
	GlobalSection(SolutionConfigurationPlatforms) = preSolution
		Debug|Any CPU = Debug|Any CPU
		Release|Any CPU = Release|Any CPU
	EndGlobalSection
	GlobalSection(ProjectConfigurationPlatforms) = postSolution
		{4C2A52EF-D456-4AC7-AB86-618586E2890D}.Debug|Any CPU.ActiveCfg = Debug|Any CPU
		{4C2A52EF-D456-4AC7-AB86-618586E2890D}.Debug|Any CPU.Build.0 = Debug|Any CPU
		{4C2A52EF-D456-4AC7-AB86-618586E2890D}.Release|Any CPU.ActiveCfg = Release|Any CPU
		{4C2A52EF-D456-4AC7-AB86-618586E2890D}.Release|Any CPU.Build.0 = Release|Any CPU
	EndGlobalSection
	GlobalSection(SolutionProperties) = preSolution
		HideSolutionNode = FALSE
	EndGlobalSection
	GlobalSection(ExtensibilityGlobals) = postSolution
		SolutionGuid = {ED347DED-E23A-4623-9DD5-36D7264867D1}
	EndGlobalSection
EndGlobal
